dependencies:
- name: nginx-uwsgi
  repository: https://raw.githubusercontent.com/APSL/kubernetes-charts/master/packages
  version: 0.2.0
- name: uwsgi
  repository: https://raw.githubusercontent.com/APSL/kubernetes-charts/master/packages
  version: 0.2.0
- name: uwsgi
  repository: https://raw.githubusercontent.com/APSL/kubernetes-charts/master/packages
  version: 0.2.0
- name: uwsgi
  repository: https://raw.githubusercontent.com/APSL/kubernetes-charts/master/packages
  version: 0.2.0
- name: varnish
  repository: https://raw.githubusercontent.com/APSL/kubernetes-charts/master/packages
  version: 0.1.0
- name: redis
  repository: https://kubernetes-charts.storage.googleapis.com
  version: 0.8.0
digest: sha256:fed98073fe1fbd4b65102ec3b40399533d07cc8a080209645a5c1ee1271fe211
generated: 2018-09-05T12:35:19.476877975+02:00
