dependencies:
- name: uwsgi
  repository: https://raw.githubusercontent.com/APSL/kubernetes-charts/master/packages
  version: 0.2.0
- name: uwsgi
  repository: https://raw.githubusercontent.com/APSL/kubernetes-charts/master/packages
  version: 0.2.0
- name: uwsgi
  repository: https://raw.githubusercontent.com/APSL/kubernetes-charts/master/packages
  version: 0.2.0
- name: uwsgi
  repository: https://raw.githubusercontent.com/APSL/kubernetes-charts/master/packages
  version: 0.2.0
- name: varnish
  repository: https://raw.githubusercontent.com/APSL/kubernetes-charts/master/packages
  version: 0.1.0
- name: redis
  repository: https://kubernetes-charts.storage.googleapis.com
  version: 0.8.0
digest: sha256:86f576660c245f1459dd661534dd4e7d82d398ba7a4a9851b24e3d2312c68aca
generated: 2018-09-05T12:35:26.615124405+02:00
